// !$*UTF8*$!
{
	archiveVersion = 1;
	classes = {
	};
	objectVersion = 77;
	objects = {

/* Begin PBXBuildFile section */
		B0404EFA2D68E95300BA913A /* iOS-BLE-Android.app in Embed Watch Content */ = {isa = PBXBuildFile; fileRef = B0404EF92D68E95300BA913A /* iOS-BLE-Android.app */; settings = {ATTRIBUTES = (RemoveHeadersOnCopy, ); }; };
/* End PBXBuildFile section */

/* Begin PBXContainerItemProxy section */
		B0404EE42D68E95300BA913A /* PBXContainerItemProxy */ = {
			isa = PBXContainerItemProxy;
			containerPortal = B0404ECB2D68E95200BA913A /* Project object */;
			proxyType = 1;
			remoteGlobalIDString = B0404ED22D68E95200BA913A;
			remoteInfo = iOS-BLE-Android;
		};
		B0404EEE2D68E95300BA913A /* PBXContainerItemProxy */ = {
			isa = PBXContainerItemProxy;
			containerPortal = B0404ECB2D68E95200BA913A /* Project object */;
			proxyType = 1;
			remoteGlobalIDString = B0404ED22D68E95200BA913A;
			remoteInfo = iOS-BLE-Android;
		};
		B0404EFB2D68E95300BA913A /* PBXContainerItemProxy */ = {
			isa = PBXContainerItemProxy;
			containerPortal = B0404ECB2D68E95200BA913A /* Project object */;
			proxyType = 1;
			remoteGlobalIDString = B0404EF82D68E95300BA913A;
			remoteInfo = "iOS-BLE-Android Watch App";
		};
		B0404F0C2D68E95400BA913A /* PBXContainerItemProxy */ = {
			isa = PBXContainerItemProxy;
			containerPortal = B0404ECB2D68E95200BA913A /* Project object */;
			proxyType = 1;
			remoteGlobalIDString = B0404EF82D68E95300BA913A;
			remoteInfo = "iOS-BLE-Android Watch App";
		};
		B0404F162D68E95400BA913A /* PBXContainerItemProxy */ = {
			isa = PBXContainerItemProxy;
			containerPortal = B0404ECB2D68E95200BA913A /* Project object */;
			proxyType = 1;
			remoteGlobalIDString = B0404EF82D68E95300BA913A;
			remoteInfo = "iOS-BLE-Android Watch App";
		};
/* End PBXContainerItemProxy section */

/* Begin PBXCopyFilesBuildPhase section */
		B0404F222D68E95400BA913A /* Embed Watch Content */ = {
			isa = PBXCopyFilesBuildPhase;
			buildActionMask = 2147483647;
			dstPath = "$(CONTENTS_FOLDER_PATH)/Watch";
			dstSubfolderSpec = 16;
			files = (
				B0404EFA2D68E95300BA913A /* iOS-BLE-Android.app in Embed Watch Content */,
			);
			name = "Embed Watch Content";
			runOnlyForDeploymentPostprocessing = 0;
		};
/* End PBXCopyFilesBuildPhase section */

/* Begin PBXFileReference section */
		B0404ED32D68E95200BA913A /* iOS-BLE-Android.app */ = {isa = PBXFileReference; explicitFileType = wrapper.application; includeInIndex = 0; path = iOS-BLE-Android.app; sourceTree = BUILT_PRODUCTS_DIR; };
		B0404EE32D68E95300BA913A /* iOS-BLE-AndroidTests.xctest */ = {isa = PBXFileReference; explicitFileType = wrapper.cfbundle; includeInIndex = 0; path = iOS-BLE-AndroidTests.xctest; sourceTree = BUILT_PRODUCTS_DIR; };
		B0404EED2D68E95300BA913A /* iOS-BLE-AndroidUITests.xctest */ = {isa = PBXFileReference; explicitFileType = wrapper.cfbundle; includeInIndex = 0; path = iOS-BLE-AndroidUITests.xctest; sourceTree = BUILT_PRODUCTS_DIR; };
		B0404EF92D68E95300BA913A /* iOS-BLE-Android.app */ = {isa = PBXFileReference; explicitFileType = wrapper.application; includeInIndex = 0; path = "iOS-BLE-Android.app"; sourceTree = BUILT_PRODUCTS_DIR; };
		B0404F0B2D68E95400BA913A /* iOS-BLE-Android Watch AppTests.xctest */ = {isa = PBXFileReference; explicitFileType = wrapper.cfbundle; includeInIndex = 0; path = "iOS-BLE-Android Watch AppTests.xctest"; sourceTree = BUILT_PRODUCTS_DIR; };
		B0404F152D68E95400BA913A /* iOS-BLE-Android Watch AppUITests.xctest */ = {isa = PBXFileReference; explicitFileType = wrapper.cfbundle; includeInIndex = 0; path = "iOS-BLE-Android Watch AppUITests.xctest"; sourceTree = BUILT_PRODUCTS_DIR; };
/* End PBXFileReference section */

/* Begin PBXFileSystemSynchronizedRootGroup section */
		B0404ED52D68E95200BA913A /* iOS-BLE-Android */ = {
			isa = PBXFileSystemSynchronizedRootGroup;
			path = iOS-BLE-Android;
			sourceTree = "<group>";
		};
		B0404EE62D68E95300BA913A /* iOS-BLE-AndroidTests */ = {
			isa = PBXFileSystemSynchronizedRootGroup;
			path = iOS-BLE-AndroidTests;
			sourceTree = "<group>";
		};
		B0404EF02D68E95300BA913A /* iOS-BLE-AndroidUITests */ = {
			isa = PBXFileSystemSynchronizedRootGroup;
			path = iOS-BLE-AndroidUITests;
			sourceTree = "<group>";
		};
		B0404EFD2D68E95300BA913A /* iOS-BLE-Android Watch App */ = {
			isa = PBXFileSystemSynchronizedRootGroup;
			path = "iOS-BLE-Android Watch App";
			sourceTree = "<group>";
		};
		B0404F0E2D68E95400BA913A /* iOS-BLE-Android Watch AppTests */ = {
			isa = PBXFileSystemSynchronizedRootGroup;
			path = "iOS-BLE-Android Watch AppTests";
			sourceTree = "<group>";
		};
		B0404F182D68E95400BA913A /* iOS-BLE-Android Watch AppUITests */ = {
			isa = PBXFileSystemSynchronizedRootGroup;
			path = "iOS-BLE-Android Watch AppUITests";
			sourceTree = "<group>";
		};
/* End PBXFileSystemSynchronizedRootGroup section */

/* Begin PBXFrameworksBuildPhase section */
		B0404ED02D68E95200BA913A /* Frameworks */ = {
			isa = PBXFrameworksBuildPhase;
			buildActionMask = 2147483647;
			files = (
			);
			runOnlyForDeploymentPostprocessing = 0;
		};
		B0404EE02D68E95300BA913A /* Frameworks */ = {
			isa = PBXFrameworksBuildPhase;
			buildActionMask = 2147483647;
			files = (
			);
			runOnlyForDeploymentPostprocessing = 0;
		};
		B0404EEA2D68E95300BA913A /* Frameworks */ = {
			isa = PBXFrameworksBuildPhase;
			buildActionMask = 2147483647;
			files = (
			);
			runOnlyForDeploymentPostprocessing = 0;
		};
		B0404EF62D68E95300BA913A /* Frameworks */ = {
			isa = PBXFrameworksBuildPhase;
			buildActionMask = 2147483647;
			files = (
			);
			runOnlyForDeploymentPostprocessing = 0;
		};
		B0404F082D68E95400BA913A /* Frameworks */ = {
			isa = PBXFrameworksBuildPhase;
			buildActionMask = 2147483647;
			files = (
			);
			runOnlyForDeploymentPostprocessing = 0;
		};
		B0404F122D68E95400BA913A /* Frameworks */ = {
			isa = PBXFrameworksBuildPhase;
			buildActionMask = 2147483647;
			files = (
			);
			runOnlyForDeploymentPostprocessing = 0;
		};
/* End PBXFrameworksBuildPhase section */

/* Begin PBXGroup section */
		B0404ECA2D68E95200BA913A = {
			isa = PBXGroup;
			children = (
				B0404ED52D68E95200BA913A /* iOS-BLE-Android */,
				B0404EE62D68E95300BA913A /* iOS-BLE-AndroidTests */,
				B0404EF02D68E95300BA913A /* iOS-BLE-AndroidUITests */,
				B0404EFD2D68E95300BA913A /* iOS-BLE-Android Watch App */,
				B0404F0E2D68E95400BA913A /* iOS-BLE-Android Watch AppTests */,
				B0404F182D68E95400BA913A /* iOS-BLE-Android Watch AppUITests */,
				B0404ED42D68E95200BA913A /* Products */,
			);
			sourceTree = "<group>";
		};
		B0404ED42D68E95200BA913A /* Products */ = {
			isa = PBXGroup;
			children = (
				B0404ED32D68E95200BA913A /* iOS-BLE-Android.app */,
				B0404EE32D68E95300BA913A /* iOS-BLE-AndroidTests.xctest */,
				B0404EED2D68E95300BA913A /* iOS-BLE-AndroidUITests.xctest */,
				B0404EF92D68E95300BA913A /* iOS-BLE-Android.app */,
				B0404F0B2D68E95400BA913A /* iOS-BLE-Android Watch AppTests.xctest */,
				B0404F152D68E95400BA913A /* iOS-BLE-Android Watch AppUITests.xctest */,
			);
			name = Products;
			sourceTree = "<group>";
		};
/* End PBXGroup section */

/* Begin PBXNativeTarget section */
		B0404ED22D68E95200BA913A /* iOS-BLE-Android */ = {
			isa = PBXNativeTarget;
			buildConfigurationList = B0404F232D68E95400BA913A /* Build configuration list for PBXNativeTarget "iOS-BLE-Android" */;
			buildPhases = (
				B0404ECF2D68E95200BA913A /* Sources */,
				B0404ED02D68E95200BA913A /* Frameworks */,
				B0404ED12D68E95200BA913A /* Resources */,
				B0404F222D68E95400BA913A /* Embed Watch Content */,
			);
			buildRules = (
			);
			dependencies = (
				B0404EFC2D68E95300BA913A /* PBXTargetDependency */,
			);
			fileSystemSynchronizedGroups = (
				B0404ED52D68E95200BA913A /* iOS-BLE-Android */,
			);
			name = iOS-BLE-Android;
			packageProductDependencies = (
			);
			productName = iOS-BLE-Android;
			productReference = B0404ED32D68E95200BA913A /* iOS-BLE-Android.app */;
			productType = "com.apple.product-type.application";
		};
		B0404EE22D68E95300BA913A /* iOS-BLE-AndroidTests */ = {
			isa = PBXNativeTarget;
			buildConfigurationList = B0404F262D68E95400BA913A /* Build configuration list for PBXNativeTarget "iOS-BLE-AndroidTests" */;
			buildPhases = (
				B0404EDF2D68E95300BA913A /* Sources */,
				B0404EE02D68E95300BA913A /* Frameworks */,
				B0404EE12D68E95300BA913A /* Resources */,
			);
			buildRules = (
			);
			dependencies = (
				B0404EE52D68E95300BA913A /* PBXTargetDependency */,
			);
			fileSystemSynchronizedGroups = (
				B0404EE62D68E95300BA913A /* iOS-BLE-AndroidTests */,
			);
			name = iOS-BLE-AndroidTests;
			packageProductDependencies = (
			);
			productName = iOS-BLE-AndroidTests;
			productReference = B0404EE32D68E95300BA913A /* iOS-BLE-AndroidTests.xctest */;
			productType = "com.apple.product-type.bundle.unit-test";
		};
		B0404EEC2D68E95300BA913A /* iOS-BLE-AndroidUITests */ = {
			isa = PBXNativeTarget;
			buildConfigurationList = B0404F292D68E95400BA913A /* Build configuration list for PBXNativeTarget "iOS-BLE-AndroidUITests" */;
			buildPhases = (
				B0404EE92D68E95300BA913A /* Sources */,
				B0404EEA2D68E95300BA913A /* Frameworks */,
				B0404EEB2D68E95300BA913A /* Resources */,
			);
			buildRules = (
			);
			dependencies = (
				B0404EEF2D68E95300BA913A /* PBXTargetDependency */,
			);
			fileSystemSynchronizedGroups = (
				B0404EF02D68E95300BA913A /* iOS-BLE-AndroidUITests */,
			);
			name = iOS-BLE-AndroidUITests;
			packageProductDependencies = (
			);
			productName = iOS-BLE-AndroidUITests;
			productReference = B0404EED2D68E95300BA913A /* iOS-BLE-AndroidUITests.xctest */;
			productType = "com.apple.product-type.bundle.ui-testing";
		};
		B0404EF82D68E95300BA913A /* iOS-BLE-Android Watch App */ = {
			isa = PBXNativeTarget;
			buildConfigurationList = B0404F1F2D68E95400BA913A /* Build configuration list for PBXNativeTarget "iOS-BLE-Android Watch App" */;
			buildPhases = (
				B0404EF52D68E95300BA913A /* Sources */,
				B0404EF62D68E95300BA913A /* Frameworks */,
				B0404EF72D68E95300BA913A /* Resources */,
			);
			buildRules = (
			);
			dependencies = (
			);
			fileSystemSynchronizedGroups = (
				B0404EFD2D68E95300BA913A /* iOS-BLE-Android Watch App */,
			);
			name = "iOS-BLE-Android Watch App";
			packageProductDependencies = (
			);
			productName = "iOS-BLE-Android Watch App";
			productReference = B0404EF92D68E95300BA913A /* iOS-BLE-Android.app */;
			productType = "com.apple.product-type.application";
		};
		B0404F0A2D68E95400BA913A /* iOS-BLE-Android Watch AppTests */ = {
			isa = PBXNativeTarget;
			buildConfigurationList = B0404F2C2D68E95400BA913A /* Build configuration list for PBXNativeTarget "iOS-BLE-Android Watch AppTests" */;
			buildPhases = (
				B0404F072D68E95400BA913A /* Sources */,
				B0404F082D68E95400BA913A /* Frameworks */,
				B0404F092D68E95400BA913A /* Resources */,
			);
			buildRules = (
			);
			dependencies = (
				B0404F0D2D68E95400BA913A /* PBXTargetDependency */,
			);
			fileSystemSynchronizedGroups = (
				B0404F0E2D68E95400BA913A /* iOS-BLE-Android Watch AppTests */,
			);
			name = "iOS-BLE-Android Watch AppTests";
			packageProductDependencies = (
			);
			productName = "iOS-BLE-Android Watch AppTests";
			productReference = B0404F0B2D68E95400BA913A /* iOS-BLE-Android Watch AppTests.xctest */;
			productType = "com.apple.product-type.bundle.unit-test";
		};
		B0404F142D68E95400BA913A /* iOS-BLE-Android Watch AppUITests */ = {
			isa = PBXNativeTarget;
			buildConfigurationList = B0404F2F2D68E95400BA913A /* Build configuration list for PBXNativeTarget "iOS-BLE-Android Watch AppUITests" */;
			buildPhases = (
				B0404F112D68E95400BA913A /* Sources */,
				B0404F122D68E95400BA913A /* Frameworks */,
				B0404F132D68E95400BA913A /* Resources */,
			);
			buildRules = (
			);
			dependencies = (
				B0404F172D68E95400BA913A /* PBXTargetDependency */,
			);
			fileSystemSynchronizedGroups = (
				B0404F182D68E95400BA913A /* iOS-BLE-Android Watch AppUITests */,
			);
			name = "iOS-BLE-Android Watch AppUITests";
			packageProductDependencies = (
			);
			productName = "iOS-BLE-Android Watch AppUITests";
			productReference = B0404F152D68E95400BA913A /* iOS-BLE-Android Watch AppUITests.xctest */;
			productType = "com.apple.product-type.bundle.ui-testing";
		};
/* End PBXNativeTarget section */

/* Begin PBXProject section */
		B0404ECB2D68E95200BA913A /* Project object */ = {
			isa = PBXProject;
			attributes = {
				BuildIndependentTargetsInParallel = 1;
				LastSwiftUpdateCheck = 1620;
				LastUpgradeCheck = 1620;
				TargetAttributes = {
					B0404ED22D68E95200BA913A = {
						CreatedOnToolsVersion = 16.2;
					};
					B0404EE22D68E95300BA913A = {
						CreatedOnToolsVersion = 16.2;
						TestTargetID = B0404ED22D68E95200BA913A;
					};
					B0404EEC2D68E95300BA913A = {
						CreatedOnToolsVersion = 16.2;
						TestTargetID = B0404ED22D68E95200BA913A;
					};
					B0404EF82D68E95300BA913A = {
						CreatedOnToolsVersion = 16.2;
					};
					B0404F0A2D68E95400BA913A = {
						CreatedOnToolsVersion = 16.2;
						TestTargetID = B0404EF82D68E95300BA913A;
					};
					B0404F142D68E95400BA913A = {
						CreatedOnToolsVersion = 16.2;
						TestTargetID = B0404EF82D68E95300BA913A;
					};
				};
			};
			buildConfigurationList = B0404ECE2D68E95200BA913A /* Build configuration list for PBXProject "iOS-BLE-Android" */;
			developmentRegion = en;
			hasScannedForEncodings = 0;
			knownRegions = (
				en,
				Base,
			);
			mainGroup = B0404ECA2D68E95200BA913A;
			minimizedProjectReferenceProxies = 1;
			preferredProjectObjectVersion = 77;
			productRefGroup = B0404ED42D68E95200BA913A /* Products */;
			projectDirPath = "";
			projectRoot = "";
			targets = (
				B0404ED22D68E95200BA913A /* iOS-BLE-Android */,
				B0404EE22D68E95300BA913A /* iOS-BLE-AndroidTests */,
				B0404EEC2D68E95300BA913A /* iOS-BLE-AndroidUITests */,
				B0404EF82D68E95300BA913A /* iOS-BLE-Android Watch App */,
				B0404F0A2D68E95400BA913A /* iOS-BLE-Android Watch AppTests */,
				B0404F142D68E95400BA913A /* iOS-BLE-Android Watch AppUITests */,
			);
		};
/* End PBXProject section */

/* Begin PBXResourcesBuildPhase section */
		B0404ED12D68E95200BA913A /* Resources */ = {
			isa = PBXResourcesBuildPhase;
			buildActionMask = 2147483647;
			files = (
			);
			runOnlyForDeploymentPostprocessing = 0;
		};
		B0404EE12D68E95300BA913A /* Resources */ = {
			isa = PBXResourcesBuildPhase;
			buildActionMask = 2147483647;
			files = (
			);
			runOnlyForDeploymentPostprocessing = 0;
		};
		B0404EEB2D68E95300BA913A /* Resources */ = {
			isa = PBXResourcesBuildPhase;
			buildActionMask = 2147483647;
			files = (
			);
			runOnlyForDeploymentPostprocessing = 0;
		};
		B0404EF72D68E95300BA913A /* Resources */ = {
			isa = PBXResourcesBuildPhase;
			buildActionMask = 2147483647;
			files = (
			);
			runOnlyForDeploymentPostprocessing = 0;
		};
		B0404F092D68E95400BA913A /* Resources */ = {
			isa = PBXResourcesBuildPhase;
			buildActionMask = 2147483647;
			files = (
			);
			runOnlyForDeploymentPostprocessing = 0;
		};
		B0404F132D68E95400BA913A /* Resources */ = {
			isa = PBXResourcesBuildPhase;
			buildActionMask = 2147483647;
			files = (
			);
			runOnlyForDeploymentPostprocessing = 0;
		};
/* End PBXResourcesBuildPhase section */

/* Begin PBXSourcesBuildPhase section */
		B0404ECF2D68E95200BA913A /* Sources */ = {
			isa = PBXSourcesBuildPhase;
			buildActionMask = 2147483647;
			files = (
			);
			runOnlyForDeploymentPostprocessing = 0;
		};
		B0404EDF2D68E95300BA913A /* Sources */ = {
			isa = PBXSourcesBuildPhase;
			buildActionMask = 2147483647;
			files = (
			);
			runOnlyForDeploymentPostprocessing = 0;
		};
		B0404EE92D68E95300BA913A /* Sources */ = {
			isa = PBXSourcesBuildPhase;
			buildActionMask = 2147483647;
			files = (
			);
			runOnlyForDeploymentPostprocessing = 0;
		};
		B0404EF52D68E95300BA913A /* Sources */ = {
			isa = PBXSourcesBuildPhase;
			buildActionMask = 2147483647;
			files = (
			);
			runOnlyForDeploymentPostprocessing = 0;
		};
		B0404F072D68E95400BA913A /* Sources */ = {
			isa = PBXSourcesBuildPhase;
			buildActionMask = 2147483647;
			files = (
			);
			runOnlyForDeploymentPostprocessing = 0;
		};
		B0404F112D68E95400BA913A /* Sources */ = {
			isa = PBXSourcesBuildPhase;
			buildActionMask = 2147483647;
			files = (
			);
			runOnlyForDeploymentPostprocessing = 0;
		};
/* End PBXSourcesBuildPhase section */

/* Begin PBXTargetDependency section */
		B0404EE52D68E95300BA913A /* PBXTargetDependency */ = {
			isa = PBXTargetDependency;
			target = B0404ED22D68E95200BA913A /* iOS-BLE-Android */;
			targetProxy = B0404EE42D68E95300BA913A /* PBXContainerItemProxy */;
		};
		B0404EEF2D68E95300BA913A /* PBXTargetDependency */ = {
			isa = PBXTargetDependency;
			target = B0404ED22D68E95200BA913A /* iOS-BLE-Android */;
			targetProxy = B0404EEE2D68E95300BA913A /* PBXContainerItemProxy */;
		};
		B0404EFC2D68E95300BA913A /* PBXTargetDependency */ = {
			isa = PBXTargetDependency;
			target = B0404EF82D68E95300BA913A /* iOS-BLE-Android Watch App */;
			targetProxy = B0404EFB2D68E95300BA913A /* PBXContainerItemProxy */;
		};
		B0404F0D2D68E95400BA913A /* PBXTargetDependency */ = {
			isa = PBXTargetDependency;
			target = B0404EF82D68E95300BA913A /* iOS-BLE-Android Watch App */;
			targetProxy = B0404F0C2D68E95400BA913A /* PBXContainerItemProxy */;
		};
		B0404F172D68E95400BA913A /* PBXTargetDependency */ = {
			isa = PBXTargetDependency;
			target = B0404EF82D68E95300BA913A /* iOS-BLE-Android Watch App */;
			targetProxy = B0404F162D68E95400BA913A /* PBXContainerItemProxy */;
		};
/* End PBXTargetDependency section */

/* Begin XCBuildConfiguration section */
		B0404F1D2D68E95400BA913A /* Debug */ = {
			isa = XCBuildConfiguration;
			buildSettings = {
				ALWAYS_SEARCH_USER_PATHS = NO;
				ASSETCATALOG_COMPILER_GENERATE_SWIFT_ASSET_SYMBOL_EXTENSIONS = YES;
				CLANG_ANALYZER_NONNULL = YES;
				CLANG_ANALYZER_NUMBER_OBJECT_CONVERSION = YES_AGGRESSIVE;
				CLANG_CXX_LANGUAGE_STANDARD = "gnu++20";
				CLANG_ENABLE_MODULES = YES;
				CLANG_ENABLE_OBJC_ARC = YES;
				CLANG_ENABLE_OBJC_WEAK = YES;
				CLANG_WARN_BLOCK_CAPTURE_AUTORELEASING = YES;
				CLANG_WARN_BOOL_CONVERSION = YES;
				CLANG_WARN_COMMA = YES;
				CLANG_WARN_CONSTANT_CONVERSION = YES;
				CLANG_WARN_DEPRECATED_OBJC_IMPLEMENTATIONS = YES;
				CLANG_WARN_DIRECT_OBJC_ISA_USAGE = YES_ERROR;
				CLANG_WARN_DOCUMENTATION_COMMENTS = YES;
				CLANG_WARN_EMPTY_BODY = YES;
				CLANG_WARN_ENUM_CONVERSION = YES;
				CLANG_WARN_INFINITE_RECURSION = YES;
				CLANG_WARN_INT_CONVERSION = YES;
				CLANG_WARN_NON_LITERAL_NULL_CONVERSION = YES;
				CLANG_WARN_OBJC_IMPLICIT_RETAIN_SELF = YES;
				CLANG_WARN_OBJC_LITERAL_CONVERSION = YES;
				CLANG_WARN_OBJC_ROOT_CLASS = YES_ERROR;
				CLANG_WARN_QUOTED_INCLUDE_IN_FRAMEWORK_HEADER = YES;
				CLANG_WARN_RANGE_LOOP_ANALYSIS = YES;
				CLANG_WARN_STRICT_PROTOTYPES = YES;
				CLANG_WARN_SUSPICIOUS_MOVE = YES;
				CLANG_WARN_UNGUARDED_AVAILABILITY = YES_AGGRESSIVE;
				CLANG_WARN_UNREACHABLE_CODE = YES;
				CLANG_WARN__DUPLICATE_METHOD_MATCH = YES;
				COPY_PHASE_STRIP = NO;
				DEBUG_INFORMATION_FORMAT = dwarf;
				ENABLE_STRICT_OBJC_MSGSEND = YES;
				ENABLE_TESTABILITY = YES;
				ENABLE_USER_SCRIPT_SANDBOXING = YES;
				GCC_C_LANGUAGE_STANDARD = gnu17;
				GCC_DYNAMIC_NO_PIC = NO;
				GCC_NO_COMMON_BLOCKS = YES;
				GCC_OPTIMIZATION_LEVEL = 0;
				GCC_PREPROCESSOR_DEFINITIONS = (
					"DEBUG=1",
					"$(inherited)",
				);
				GCC_WARN_64_TO_32_BIT_CONVERSION = YES;
				GCC_WARN_ABOUT_RETURN_TYPE = YES_ERROR;
				GCC_WARN_UNDECLARED_SELECTOR = YES;
				GCC_WARN_UNINITIALIZED_AUTOS = YES_AGGRESSIVE;
				GCC_WARN_UNUSED_FUNCTION = YES;
				GCC_WARN_UNUSED_VARIABLE = YES;
				LOCALIZATION_PREFERS_STRING_CATALOGS = YES;
				MTL_ENABLE_DEBUG_INFO = INCLUDE_SOURCE;
				MTL_FAST_MATH = YES;
				ONLY_ACTIVE_ARCH = YES;
				SWIFT_ACTIVE_COMPILATION_CONDITIONS = "DEBUG $(inherited)";
				SWIFT_OPTIMIZATION_LEVEL = "-Onone";
			};
			name = Debug;
		};
		B0404F1E2D68E95400BA913A /* Release */ = {
			isa = XCBuildConfiguration;
			buildSettings = {
				ALWAYS_SEARCH_USER_PATHS = NO;
				ASSETCATALOG_COMPILER_GENERATE_SWIFT_ASSET_SYMBOL_EXTENSIONS = YES;
				CLANG_ANALYZER_NONNULL = YES;
				CLANG_ANALYZER_NUMBER_OBJECT_CONVERSION = YES_AGGRESSIVE;
				CLANG_CXX_LANGUAGE_STANDARD = "gnu++20";
				CLANG_ENABLE_MODULES = YES;
				CLANG_ENABLE_OBJC_ARC = YES;
				CLANG_ENABLE_OBJC_WEAK = YES;
				CLANG_WARN_BLOCK_CAPTURE_AUTORELEASING = YES;
				CLANG_WARN_BOOL_CONVERSION = YES;
				CLANG_WARN_COMMA = YES;
				CLANG_WARN_CONSTANT_CONVERSION = YES;
				CLANG_WARN_DEPRECATED_OBJC_IMPLEMENTATIONS = YES;
				CLANG_WARN_DIRECT_OBJC_ISA_USAGE = YES_ERROR;
				CLANG_WARN_DOCUMENTATION_COMMENTS = YES;
				CLANG_WARN_EMPTY_BODY = YES;
				CLANG_WARN_ENUM_CONVERSION = YES;
				CLANG_WARN_INFINITE_RECURSION = YES;
				CLANG_WARN_INT_CONVERSION = YES;
				CLANG_WARN_NON_LITERAL_NULL_CONVERSION = YES;
				CLANG_WARN_OBJC_IMPLICIT_RETAIN_SELF = YES;
				CLANG_WARN_OBJC_LITERAL_CONVERSION = YES;
				CLANG_WARN_OBJC_ROOT_CLASS = YES_ERROR;
				CLANG_WARN_QUOTED_INCLUDE_IN_FRAMEWORK_HEADER = YES;
				CLANG_WARN_RANGE_LOOP_ANALYSIS = YES;
				CLANG_WARN_STRICT_PROTOTYPES = YES;
				CLANG_WARN_SUSPICIOUS_MOVE = YES;
				CLANG_WARN_UNGUARDED_AVAILABILITY = YES_AGGRESSIVE;
				CLANG_WARN_UNREACHABLE_CODE = YES;
				CLANG_WARN__DUPLICATE_METHOD_MATCH = YES;
				COPY_PHASE_STRIP = NO;
				DEBUG_INFORMATION_FORMAT = "dwarf-with-dsym";
				ENABLE_NS_ASSERTIONS = NO;
				ENABLE_STRICT_OBJC_MSGSEND = YES;
				ENABLE_USER_SCRIPT_SANDBOXING = YES;
				GCC_C_LANGUAGE_STANDARD = gnu17;
				GCC_NO_COMMON_BLOCKS = YES;
				GCC_WARN_64_TO_32_BIT_CONVERSION = YES;
				GCC_WARN_ABOUT_RETURN_TYPE = YES_ERROR;
				GCC_WARN_UNDECLARED_SELECTOR = YES;
				GCC_WARN_UNINITIALIZED_AUTOS = YES_AGGRESSIVE;
				GCC_WARN_UNUSED_FUNCTION = YES;
				GCC_WARN_UNUSED_VARIABLE = YES;
				LOCALIZATION_PREFERS_STRING_CATALOGS = YES;
				MTL_ENABLE_DEBUG_INFO = NO;
				MTL_FAST_MATH = YES;
				SWIFT_COMPILATION_MODE = wholemodule;
			};
			name = Release;
		};
		B0404F202D68E95400BA913A /* Debug */ = {
			isa = XCBuildConfiguration;
			buildSettings = {
				ASSETCATALOG_COMPILER_APPICON_NAME = AppIcon;
				ASSETCATALOG_COMPILER_GLOBAL_ACCENT_COLOR_NAME = AccentColor;
				CODE_SIGN_STYLE = Automatic;
				CURRENT_PROJECT_VERSION = 1;
				DEVELOPMENT_ASSET_PATHS = "\"iOS-BLE-Android Watch App/Preview Content\"";
				DEVELOPMENT_TEAM = 52C5XZZ89T;
				ENABLE_PREVIEWS = YES;
				GENERATE_INFOPLIST_FILE = YES;
				INFOPLIST_KEY_CFBundleDisplayName = "iOS-BLE-Android";
				INFOPLIST_KEY_UISupportedInterfaceOrientations = "UIInterfaceOrientationPortrait UIInterfaceOrientationPortraitUpsideDown";
				INFOPLIST_KEY_WKCompanionAppBundleIdentifier = "wayne.MicroHandGestureCollectorIWatch.iOS-BLE-Android";
				LD_RUNPATH_SEARCH_PATHS = (
					"$(inherited)",
					"@executable_path/Frameworks",
				);
				MARKETING_VERSION = 1.0;
				PRODUCT_BUNDLE_IDENTIFIER = "wayne.MicroHandGestureCollectorIWatch.iOS-BLE-Android.watchkitapp";
				PRODUCT_NAME = "iOS-BLE-Android";
				SDKROOT = watchos;
				SKIP_INSTALL = YES;
				SWIFT_EMIT_LOC_STRINGS = YES;
				SWIFT_VERSION = 5.0;
				TARGETED_DEVICE_FAMILY = 4;
				WATCHOS_DEPLOYMENT_TARGET = 11.2;
			};
			name = Debug;
		};
		B0404F212D68E95400BA913A /* Release */ = {
			isa = XCBuildConfiguration;
			buildSettings = {
				ASSETCATALOG_COMPILER_APPICON_NAME = AppIcon;
				ASSETCATALOG_COMPILER_GLOBAL_ACCENT_COLOR_NAME = AccentColor;
				CODE_SIGN_STYLE = Automatic;
				CURRENT_PROJECT_VERSION = 1;
				DEVELOPMENT_ASSET_PATHS = "\"iOS-BLE-Android Watch App/Preview Content\"";
				DEVELOPMENT_TEAM = 52C5XZZ89T;
				ENABLE_PREVIEWS = YES;
				GENERATE_INFOPLIST_FILE = YES;
				INFOPLIST_KEY_CFBundleDisplayName = "iOS-BLE-Android";
				INFOPLIST_KEY_UISupportedInterfaceOrientations = "UIInterfaceOrientationPortrait UIInterfaceOrientationPortraitUpsideDown";
				INFOPLIST_KEY_WKCompanionAppBundleIdentifier = "wayne.MicroHandGestureCollectorIWatch.iOS-BLE-Android";
				LD_RUNPATH_SEARCH_PATHS = (
					"$(inherited)",
					"@executable_path/Frameworks",
				);
				MARKETING_VERSION = 1.0;
				PRODUCT_BUNDLE_IDENTIFIER = "wayne.MicroHandGestureCollectorIWatch.iOS-BLE-Android.watchkitapp";
				PRODUCT_NAME = "iOS-BLE-Android";
				SDKROOT = watchos;
				SKIP_INSTALL = YES;
				SWIFT_EMIT_LOC_STRINGS = YES;
				SWIFT_VERSION = 5.0;
				TARGETED_DEVICE_FAMILY = 4;
				VALIDATE_PRODUCT = YES;
				WATCHOS_DEPLOYMENT_TARGET = 11.2;
			};
			name = Release;
		};
		B0404F242D68E95400BA913A /* Debug */ = {
			isa = XCBuildConfiguration;
			buildSettings = {
				ASSETCATALOG_COMPILER_APPICON_NAME = AppIcon;
				ASSETCATALOG_COMPILER_GLOBAL_ACCENT_COLOR_NAME = AccentColor;
				CODE_SIGN_STYLE = Automatic;
				CURRENT_PROJECT_VERSION = 1;
				DEVELOPMENT_ASSET_PATHS = "\"iOS-BLE-Android/Preview Content\"";
				DEVELOPMENT_TEAM = 52C5XZZ89T;
				ENABLE_PREVIEWS = YES;
				GENERATE_INFOPLIST_FILE = YES;
				INFOPLIST_KEY_CFBundleDisplayName = "iOS-BLE-Android";
				INFOPLIST_KEY_NSBluetoothAlwaysUsageDescription = "本应用需要使用蓝牙扫描以连接 BLE IMU 设备";
				INFOPLIST_KEY_NSBluetoothPeripheralUsageDescription = "本应用需要使用蓝牙扫描以连接 BLE IMU 设备";
				INFOPLIST_KEY_UIApplicationSceneManifest_Generation = YES;
				INFOPLIST_KEY_UIApplicationSupportsIndirectInputEvents = YES;
				INFOPLIST_KEY_UILaunchScreen_Generation = YES;
				INFOPLIST_KEY_UISupportedInterfaceOrientations_iPad = "UIInterfaceOrientationPortrait UIInterfaceOrientationPortraitUpsideDown UIInterfaceOrientationLandscapeLeft UIInterfaceOrientationLandscapeRight";
				INFOPLIST_KEY_UISupportedInterfaceOrientations_iPhone = "UIInterfaceOrientationPortrait UIInterfaceOrientationLandscapeLeft UIInterfaceOrientationLandscapeRight";
				IPHONEOS_DEPLOYMENT_TARGET = 18.2;
				LD_RUNPATH_SEARCH_PATHS = (
					"$(inherited)",
					"@executable_path/Frameworks",
				);
				MARKETING_VERSION = 1.0;
				PRODUCT_BUNDLE_IDENTIFIER = "wayne.MicroHandGestureCollectorIWatch.iOS-BLE-Android";
				PRODUCT_NAME = "$(TARGET_NAME)";
				SDKROOT = iphoneos;
				SWIFT_EMIT_LOC_STRINGS = YES;
				SWIFT_VERSION = 5.0;
				TARGETED_DEVICE_FAMILY = "1,2";
			};
			name = Debug;
		};
		B0404F252D68E95400BA913A /* Release */ = {
			isa = XCBuildConfiguration;
			buildSettings = {
				ASSETCATALOG_COMPILER_APPICON_NAME = AppIcon;
				ASSETCATALOG_COMPILER_GLOBAL_ACCENT_COLOR_NAME = AccentColor;
				CODE_SIGN_STYLE = Automatic;
				CURRENT_PROJECT_VERSION = 1;
				DEVELOPMENT_ASSET_PATHS = "\"iOS-BLE-Android/Preview Content\"";
				DEVELOPMENT_TEAM = 52C5XZZ89T;
				ENABLE_PREVIEWS = YES;
				GENERATE_INFOPLIST_FILE = YES;
				INFOPLIST_KEY_CFBundleDisplayName = "iOS-BLE-Android";
				INFOPLIST_KEY_NSBluetoothAlwaysUsageDescription = "本应用需要使用蓝牙扫描以连接 BLE IMU 设备";
				INFOPLIST_KEY_NSBluetoothPeripheralUsageDescription = "本应用需要使用蓝牙扫描以连接 BLE IMU 设备";
				INFOPLIST_KEY_UIApplicationSceneManifest_Generation = YES;
				INFOPLIST_KEY_UIApplicationSupportsIndirectInputEvents = YES;
				INFOPLIST_KEY_UILaunchScreen_Generation = YES;
				INFOPLIST_KEY_UISupportedInterfaceOrientations_iPad = "UIInterfaceOrientationPortrait UIInterfaceOrientationPortraitUpsideDown UIInterfaceOrientationLandscapeLeft UIInterfaceOrientationLandscapeRight";
				INFOPLIST_KEY_UISupportedInterfaceOrientations_iPhone = "UIInterfaceOrientationPortrait UIInterfaceOrientationLandscapeLeft UIInterfaceOrientationLandscapeRight";
				IPHONEOS_DEPLOYMENT_TARGET = 18.2;
				LD_RUNPATH_SEARCH_PATHS = (
					"$(inherited)",
					"@executable_path/Frameworks",
				);
				MARKETING_VERSION = 1.0;
				PRODUCT_BUNDLE_IDENTIFIER = "wayne.MicroHandGestureCollectorIWatch.iOS-BLE-Android";
				PRODUCT_NAME = "$(TARGET_NAME)";
				SDKROOT = iphoneos;
				SWIFT_EMIT_LOC_STRINGS = YES;
				SWIFT_VERSION = 5.0;
				TARGETED_DEVICE_FAMILY = "1,2";
				VALIDATE_PRODUCT = YES;
			};
			name = Release;
		};
		B0404F272D68E95400BA913A /* Debug */ = {
			isa = XCBuildConfiguration;
			buildSettings = {
				BUNDLE_LOADER = "$(TEST_HOST)";
				CODE_SIGN_STYLE = Automatic;
				CURRENT_PROJECT_VERSION = 1;
				DEVELOPMENT_TEAM = 52C5XZZ89T;
				GENERATE_INFOPLIST_FILE = YES;
				IPHONEOS_DEPLOYMENT_TARGET = 18.2;
				MARKETING_VERSION = 1.0;
				PRODUCT_BUNDLE_IDENTIFIER = wayne.MicroHandGestureCollectorIWatch.iOS-BLE-AndroidTests;
				PRODUCT_NAME = "$(TARGET_NAME)";
				SDKROOT = iphoneos;
				SWIFT_EMIT_LOC_STRINGS = NO;
				SWIFT_VERSION = 5.0;
				TARGETED_DEVICE_FAMILY = "1,2";
				TEST_HOST = "$(BUILT_PRODUCTS_DIR)/iOS-BLE-Android.app/$(BUNDLE_EXECUTABLE_FOLDER_PATH)/iOS-BLE-Android";
			};
			name = Debug;
		};
		B0404F282D68E95400BA913A /* Release */ = {
			isa = XCBuildConfiguration;
			buildSettings = {
				BUNDLE_LOADER = "$(TEST_HOST)";
				CODE_SIGN_STYLE = Automatic;
				CURRENT_PROJECT_VERSION = 1;
				DEVELOPMENT_TEAM = 52C5XZZ89T;
				GENERATE_INFOPLIST_FILE = YES;
				IPHONEOS_DEPLOYMENT_TARGET = 18.2;
				MARKETING_VERSION = 1.0;
				PRODUCT_BUNDLE_IDENTIFIER = wayne.MicroHandGestureCollectorIWatch.iOS-BLE-AndroidTests;
				PRODUCT_NAME = "$(TARGET_NAME)";
				SDKROOT = iphoneos;
				SWIFT_EMIT_LOC_STRINGS = NO;
				SWIFT_VERSION = 5.0;
				TARGETED_DEVICE_FAMILY = "1,2";
				TEST_HOST = "$(BUILT_PRODUCTS_DIR)/iOS-BLE-Android.app/$(BUNDLE_EXECUTABLE_FOLDER_PATH)/iOS-BLE-Android";
				VALIDATE_PRODUCT = YES;
			};
			name = Release;
		};
		B0404F2A2D68E95400BA913A /* Debug */ = {
			isa = XCBuildConfiguration;
			buildSettings = {
				CODE_SIGN_STYLE = Automatic;
				CURRENT_PROJECT_VERSION = 1;
				DEVELOPMENT_TEAM = 52C5XZZ89T;
				GENERATE_INFOPLIST_FILE = YES;
				IPHONEOS_DEPLOYMENT_TARGET = 18.2;
				MARKETING_VERSION = 1.0;
				PRODUCT_BUNDLE_IDENTIFIER = wayne.MicroHandGestureCollectorIWatch.iOS-BLE-AndroidUITests;
				PRODUCT_NAME = "$(TARGET_NAME)";
				SDKROOT = iphoneos;
				SWIFT_EMIT_LOC_STRINGS = NO;
				SWIFT_VERSION = 5.0;
				TARGETED_DEVICE_FAMILY = "1,2";
				TEST_TARGET_NAME = iOS-BLE-Android;
			};
			name = Debug;
		};
		B0404F2B2D68E95400BA913A /* Release */ = {
			isa = XCBuildConfiguration;
			buildSettings = {
				CODE_SIGN_STYLE = Automatic;
				CURRENT_PROJECT_VERSION = 1;
				DEVELOPMENT_TEAM = 52C5XZZ89T;
				GENERATE_INFOPLIST_FILE = YES;
				IPHONEOS_DEPLOYMENT_TARGET = 18.2;
				MARKETING_VERSION = 1.0;
				PRODUCT_BUNDLE_IDENTIFIER = wayne.MicroHandGestureCollectorIWatch.iOS-BLE-AndroidUITests;
				PRODUCT_NAME = "$(TARGET_NAME)";
				SDKROOT = iphoneos;
				SWIFT_EMIT_LOC_STRINGS = NO;
				SWIFT_VERSION = 5.0;
				TARGETED_DEVICE_FAMILY = "1,2";
				TEST_TARGET_NAME = iOS-BLE-Android;
				VALIDATE_PRODUCT = YES;
			};
			name = Release;
		};
		B0404F2D2D68E95400BA913A /* Debug */ = {
			isa = XCBuildConfiguration;
			buildSettings = {
				BUNDLE_LOADER = "$(TEST_HOST)";
				CODE_SIGN_STYLE = Automatic;
				CURRENT_PROJECT_VERSION = 1;
				DEVELOPMENT_TEAM = 52C5XZZ89T;
				GENERATE_INFOPLIST_FILE = YES;
				MARKETING_VERSION = 1.0;
				PRODUCT_BUNDLE_IDENTIFIER = "wayne.MicroHandGestureCollectorIWatch.iOS-BLE-Android-Watch-AppTests";
				PRODUCT_NAME = "$(TARGET_NAME)";
				SDKROOT = watchos;
				SWIFT_EMIT_LOC_STRINGS = NO;
				SWIFT_VERSION = 5.0;
				TARGETED_DEVICE_FAMILY = 4;
				TEST_HOST = "$(BUILT_PRODUCTS_DIR)/iOS-BLE-Android Watch App.app/$(BUNDLE_EXECUTABLE_FOLDER_PATH)/iOS-BLE-Android Watch App";
				WATCHOS_DEPLOYMENT_TARGET = 11.2;
			};
			name = Debug;
		};
		B0404F2E2D68E95400BA913A /* Release */ = {
			isa = XCBuildConfiguration;
			buildSettings = {
				BUNDLE_LOADER = "$(TEST_HOST)";
				CODE_SIGN_STYLE = Automatic;
				CURRENT_PROJECT_VERSION = 1;
				DEVELOPMENT_TEAM = 52C5XZZ89T;
				GENERATE_INFOPLIST_FILE = YES;
				MARKETING_VERSION = 1.0;
				PRODUCT_BUNDLE_IDENTIFIER = "wayne.MicroHandGestureCollectorIWatch.iOS-BLE-Android-Watch-AppTests";
				PRODUCT_NAME = "$(TARGET_NAME)";
				SDKROOT = watchos;
				SWIFT_EMIT_LOC_STRINGS = NO;
				SWIFT_VERSION = 5.0;
				TARGETED_DEVICE_FAMILY = 4;
				TEST_HOST = "$(BUILT_PRODUCTS_DIR)/iOS-BLE-Android Watch App.app/$(BUNDLE_EXECUTABLE_FOLDER_PATH)/iOS-BLE-Android Watch App";
				VALIDATE_PRODUCT = YES;
				WATCHOS_DEPLOYMENT_TARGET = 11.2;
			};
			name = Release;
		};
		B0404F302D68E95400BA913A /* Debug */ = {
			isa = XCBuildConfiguration;
			buildSettings = {
				CODE_SIGN_STYLE = Automatic;
				CURRENT_PROJECT_VERSION = 1;
				DEVELOPMENT_TEAM = 52C5XZZ89T;
				GENERATE_INFOPLIST_FILE = YES;
				MARKETING_VERSION = 1.0;
				PRODUCT_BUNDLE_IDENTIFIER = "wayne.MicroHandGestureCollectorIWatch.iOS-BLE-Android-Watch-AppUITests";
				PRODUCT_NAME = "$(TARGET_NAME)";
				SDKROOT = watchos;
				SWIFT_EMIT_LOC_STRINGS = NO;
				SWIFT_VERSION = 5.0;
				TARGETED_DEVICE_FAMILY = 4;
				TEST_TARGET_NAME = "iOS-BLE-Android Watch App";
				WATCHOS_DEPLOYMENT_TARGET = 11.2;
			};
			name = Debug;
		};
		B0404F312D68E95400BA913A /* Release */ = {
			isa = XCBuildConfiguration;
			buildSettings = {
				CODE_SIGN_STYLE = Automatic;
				CURRENT_PROJECT_VERSION = 1;
				DEVELOPMENT_TEAM = 52C5XZZ89T;
				GENERATE_INFOPLIST_FILE = YES;
				MARKETING_VERSION = 1.0;
				PRODUCT_BUNDLE_IDENTIFIER = "wayne.MicroHandGestureCollectorIWatch.iOS-BLE-Android-Watch-AppUITests";
				PRODUCT_NAME = "$(TARGET_NAME)";
				SDKROOT = watchos;
				SWIFT_EMIT_LOC_STRINGS = NO;
				SWIFT_VERSION = 5.0;
				TARGETED_DEVICE_FAMILY = 4;
				TEST_TARGET_NAME = "iOS-BLE-Android Watch App";
				VALIDATE_PRODUCT = YES;
				WATCHOS_DEPLOYMENT_TARGET = 11.2;
			};
			name = Release;
		};
/* End XCBuildConfiguration section */

/* Begin XCConfigurationList section */
		B0404ECE2D68E95200BA913A /* Build configuration list for PBXProject "iOS-BLE-Android" */ = {
			isa = XCConfigurationList;
			buildConfigurations = (
				B0404F1D2D68E95400BA913A /* Debug */,
				B0404F1E2D68E95400BA913A /* Release */,
			);
			defaultConfigurationIsVisible = 0;
			defaultConfigurationName = Release;
		};
		B0404F1F2D68E95400BA913A /* Build configuration list for PBXNativeTarget "iOS-BLE-Android Watch App" */ = {
			isa = XCConfigurationList;
			buildConfigurations = (
				B0404F202D68E95400BA913A /* Debug */,
				B0404F212D68E95400BA913A /* Release */,
			);
			defaultConfigurationIsVisible = 0;
			defaultConfigurationName = Release;
		};
		B0404F232D68E95400BA913A /* Build configuration list for PBXNativeTarget "iOS-BLE-Android" */ = {
			isa = XCConfigurationList;
			buildConfigurations = (
				B0404F242D68E95400BA913A /* Debug */,
				B0404F252D68E95400BA913A /* Release */,
			);
			defaultConfigurationIsVisible = 0;
			defaultConfigurationName = Release;
		};
		B0404F262D68E95400BA913A /* Build configuration list for PBXNativeTarget "iOS-BLE-AndroidTests" */ = {
			isa = XCConfigurationList;
			buildConfigurations = (
				B0404F272D68E95400BA913A /* Debug */,
				B0404F282D68E95400BA913A /* Release */,
			);
			defaultConfigurationIsVisible = 0;
			defaultConfigurationName = Release;
		};
		B0404F292D68E95400BA913A /* Build configuration list for PBXNativeTarget "iOS-BLE-AndroidUITests" */ = {
			isa = XCConfigurationList;
			buildConfigurations = (
				B0404F2A2D68E95400BA913A /* Debug */,
				B0404F2B2D68E95400BA913A /* Release */,
			);
			defaultConfigurationIsVisible = 0;
			defaultConfigurationName = Release;
		};
		B0404F2C2D68E95400BA913A /* Build configuration list for PBXNativeTarget "iOS-BLE-Android Watch AppTests" */ = {
			isa = XCConfigurationList;
			buildConfigurations = (
				B0404F2D2D68E95400BA913A /* Debug */,
				B0404F2E2D68E95400BA913A /* Release */,
			);
			defaultConfigurationIsVisible = 0;
			defaultConfigurationName = Release;
		};
		B0404F2F2D68E95400BA913A /* Build configuration list for PBXNativeTarget "iOS-BLE-Android Watch AppUITests" */ = {
			isa = XCConfigurationList;
			buildConfigurations = (
				B0404F302D68E95400BA913A /* Debug */,
				B0404F312D68E95400BA913A /* Release */,
			);
			defaultConfigurationIsVisible = 0;
			defaultConfigurationName = Release;
		};
/* End XCConfigurationList section */
	};
	rootObject = B0404ECB2D68E95200BA913A /* Project object */;
}
